
Microsoft Visual Studio Solution File, Format Version 12.00
# Visual Studio Version 16
VisualStudioVersion = 16.0.31624.102
MinimumVisualStudioVersion = 10.0.40219.1
Project("{FAE04EC0-301F-11D3-BF4B-00C04F79EFBC}") = "OnStoreWPF", "OnStoreWPF\OnStoreWPF.csproj", "{FEC33DFF-C4C5-4872-B275-01DE02311126}"
EndProject
Global
	GlobalSection(SolutionConfigurationPlatforms) = preSolution
		Debug|Any CPU = Debug|Any CPU
		Release|Any CPU = Release|Any CPU
	EndGlobalSection
	GlobalSection(ProjectConfigurationPlatforms) = postSolution
		{FEC33DFF-C4C5-4872-B275-01DE02311126}.Debug|Any CPU.ActiveCfg = Debug|Any CPU
		{FEC33DFF-C4C5-4872-B275-01DE02311126}.Debug|Any CPU.Build.0 = Debug|Any CPU
		{FEC33DFF-C4C5-4872-B275-01DE02311126}.Release|Any CPU.ActiveCfg = Release|Any CPU
		{FEC33DFF-C4C5-4872-B275-01DE02311126}.Release|Any CPU.Build.0 = Release|Any CPU
	EndGlobalSection
	GlobalSection(SolutionProperties) = preSolution
		HideSolutionNode = FALSE
	EndGlobalSection
	GlobalSection(ExtensibilityGlobals) = postSolution
		SolutionGuid = {14010DC2-6C33-481F-B866-B36BCC82678F}
	EndGlobalSection
EndGlobal
